
Microsoft Visual Studio Solution File, Format Version 12.00
# Visual Studio Version 17
VisualStudioVersion = 17.14.36301.6
MinimumVisualStudioVersion = 10.0.40219.1
Project("{FAE04EC0-301F-11D3-BF4B-00C04F79EFBC}") = "Programowanie_Obiektowe", "Programowanie_Obiektowe\Programowanie_Obiektowe.csproj", "{7ED975F4-CAA1-4728-907B-8BC429E93730}"
EndProject
Project("{FAE04EC0-301F-11D3-BF4B-00C04F79EFBC}") = "Lab1", "Lab1\Lab1.csproj", "{B9E05547-1606-415E-9725-5F225A271B61}"
EndProject
Global
	GlobalSection(SolutionConfigurationPlatforms) = preSolution
		Debug|Any CPU = Debug|Any CPU
		Release|Any CPU = Release|Any CPU
	EndGlobalSection
	GlobalSection(ProjectConfigurationPlatforms) = postSolution
		{7ED975F4-CAA1-4728-907B-8BC429E93730}.Debug|Any CPU.ActiveCfg = Debug|Any CPU
		{7ED975F4-CAA1-4728-907B-8BC429E93730}.Debug|Any CPU.Build.0 = Debug|Any CPU
		{7ED975F4-CAA1-4728-907B-8BC429E93730}.Release|Any CPU.ActiveCfg = Release|Any CPU
		{7ED975F4-CAA1-4728-907B-8BC429E93730}.Release|Any CPU.Build.0 = Release|Any CPU
		{B9E05547-1606-415E-9725-5F225A271B61}.Debug|Any CPU.ActiveCfg = Debug|Any CPU
		{B9E05547-1606-415E-9725-5F225A271B61}.Debug|Any CPU.Build.0 = Debug|Any CPU
		{B9E05547-1606-415E-9725-5F225A271B61}.Release|Any CPU.ActiveCfg = Release|Any CPU
		{B9E05547-1606-415E-9725-5F225A271B61}.Release|Any CPU.Build.0 = Release|Any CPU
	EndGlobalSection
	GlobalSection(SolutionProperties) = preSolution
		HideSolutionNode = FALSE
	EndGlobalSection
	GlobalSection(ExtensibilityGlobals) = postSolution
		SolutionGuid = {5B99EC0B-447B-40F0-BB20-8D88F4EDFC11}
	EndGlobalSection
EndGlobal
